
Microsoft Visual Studio Solution File, Format Version 12.00
# Visual Studio Version 16
VisualStudioVersion = 16.0.32929.386
MinimumVisualStudioVersion = 10.0.40219.1
Project("{FAE04EC0-301F-11D3-BF4B-00C04F79EFBC}") = "ConsoleApp", "ConsoleApp\ConsoleApp.csproj", "{E1B8556A-4D94-4CDB-B09B-9399807B8112}"
EndProject
Project("{FAE04EC0-301F-11D3-BF4B-00C04F79EFBC}") = "ConsoleApp.Test", "ConsoleApp.Test\ConsoleApp.Test.csproj", "{A38A01FE-ADA3-44B0-BBB6-F62F6DA511FA}"
EndProject
Global
	GlobalSection(SolutionConfigurationPlatforms) = preSolution
		Debug|Any CPU = Debug|Any CPU
		Release|Any CPU = Release|Any CPU
	EndGlobalSection
	GlobalSection(ProjectConfigurationPlatforms) = postSolution
		{E1B8556A-4D94-4CDB-B09B-9399807B8112}.Debug|Any CPU.ActiveCfg = Debug|Any CPU
		{E1B8556A-4D94-4CDB-B09B-9399807B8112}.Debug|Any CPU.Build.0 = Debug|Any CPU
		{E1B8556A-4D94-4CDB-B09B-9399807B8112}.Release|Any CPU.ActiveCfg = Release|Any CPU
		{E1B8556A-4D94-4CDB-B09B-9399807B8112}.Release|Any CPU.Build.0 = Release|Any CPU
		{A38A01FE-ADA3-44B0-BBB6-F62F6DA511FA}.Debug|Any CPU.ActiveCfg = Debug|Any CPU
		{A38A01FE-ADA3-44B0-BBB6-F62F6DA511FA}.Debug|Any CPU.Build.0 = Debug|Any CPU
		{A38A01FE-ADA3-44B0-BBB6-F62F6DA511FA}.Release|Any CPU.ActiveCfg = Release|Any CPU
		{A38A01FE-ADA3-44B0-BBB6-F62F6DA511FA}.Release|Any CPU.Build.0 = Release|Any CPU
	EndGlobalSection
	GlobalSection(SolutionProperties) = preSolution
		HideSolutionNode = FALSE
	EndGlobalSection
	GlobalSection(ExtensibilityGlobals) = postSolution
		SolutionGuid = {DBAE4FA0-6D4C-409B-9E86-267616025416}
	EndGlobalSection
EndGlobal
